{
    "_meta": {
        "hash": {
            "sha256": "c77be596d736408761f5bef9eb84a39d8165a85b6ec91e089deb991e170b6bdd"
        },
        "pipfile-spec": 6,
        "requires": {
            "python_version": "3.7"
        },
        "sources": [
            {
                "name": "pypi",
                "url": "https://pypi.org/simple",
                "verify_ssl": true
            }
        ]
    },
    "default": {
        "sheet2csv": {
            "git": "https://github.com/slo-covid-19/sheet2csv.git",
            "ref": "d5bcc6029368166bbe4e4a31bf4aa5d1c7533501"
        }
    },
    "develop": {}
}
